// !$*UTF8*$!
{
	archiveVersion = 1;
	classes = {
	};
	objectVersion = 46;
	objects = {

/* Begin PBXBuildFile section */
		E724C0A31EC581C200C44834 /* SqliteModelTool.m in Sources */ = {isa = PBXBuildFile; fileRef = E724C0A21EC581C200C44834 /* SqliteModelTool.m */; };
		E724C0A61EC581CF00C44834 /* Student.m in Sources */ = {isa = PBXBuildFile; fileRef = E724C0A51EC581CF00C44834 /* Student.m */; };
		E724C0A91EC5851F00C44834 /* ModelTool.m in Sources */ = {isa = PBXBuildFile; fileRef = E724C0A81EC5851F00C44834 /* ModelTool.m */; };
		E724C0AB1EC5881B00C44834 /* ModelToolTest.m in Sources */ = {isa = PBXBuildFile; fileRef = E724C0AA1EC5881B00C44834 /* ModelToolTest.m */; };
		E751BEA51EC44DDC00A8C1E2 /* main.m in Sources */ = {isa = PBXBuildFile; fileRef = E751BEA41EC44DDC00A8C1E2 /* main.m */; };
		E751BEA81EC44DDC00A8C1E2 /* AppDelegate.m in Sources */ = {isa = PBXBuildFile; fileRef = E751BEA71EC44DDC00A8C1E2 /* AppDelegate.m */; };
		E751BEAB1EC44DDC00A8C1E2 /* ViewController.m in Sources */ = {isa = PBXBuildFile; fileRef = E751BEAA1EC44DDC00A8C1E2 /* ViewController.m */; };
		E751BEAE1EC44DDC00A8C1E2 /* Main.storyboard in Resources */ = {isa = PBXBuildFile; fileRef = E751BEAC1EC44DDC00A8C1E2 /* Main.storyboard */; };
		E751BEB01EC44DDC00A8C1E2 /* Assets.xcassets in Resources */ = {isa = PBXBuildFile; fileRef = E751BEAF1EC44DDC00A8C1E2 /* Assets.xcassets */; };
		E751BEB31EC44DDC00A8C1E2 /* LaunchScreen.storyboard in Resources */ = {isa = PBXBuildFile; fileRef = E751BEB11EC44DDC00A8C1E2 /* LaunchScreen.storyboard */; };
		E751BEBE1EC44F2400A8C1E2 /* libsqlite3.0.tbd in Frameworks */ = {isa = PBXBuildFile; fileRef = E751BEBD1EC44F2400A8C1E2 /* libsqlite3.0.tbd */; };
		E751BEC11EC44F4100A8C1E2 /* SqliteTool.m in Sources */ = {isa = PBXBuildFile; fileRef = E751BEC01EC44F4100A8C1E2 /* SqliteTool.m */; };
		E75313821EC5456F003E7D4C /* Splite__Tests.m in Sources */ = {isa = PBXBuildFile; fileRef = E75313811EC5456F003E7D4C /* Splite__Tests.m */; };
		E753138A1EC545D0003E7D4C /* SqliteToolTest.m in Sources */ = {isa = PBXBuildFile; fileRef = E75313891EC545D0003E7D4C /* SqliteToolTest.m */; };
		E77D39341ED28F4600A3091A /* TableTool.m in Sources */ = {isa = PBXBuildFile; fileRef = E77D39331ED28F4600A3091A /* TableTool.m */; };
		E77D39361ED2981400A3091A /* TableToolTest.m in Sources */ = {isa = PBXBuildFile; fileRef = E77D39351ED2981400A3091A /* TableToolTest.m */; };
/* End PBXBuildFile section */

/* Begin PBXContainerItemProxy section */
		E75313841EC5456F003E7D4C /* PBXContainerItemProxy */ = {
			isa = PBXContainerItemProxy;
			containerPortal = E751BE981EC44DDC00A8C1E2 /* Project object */;
			proxyType = 1;
			remoteGlobalIDString = E751BE9F1EC44DDC00A8C1E2;
			remoteInfo = "Splite封装";
		};
/* End PBXContainerItemProxy section */

/* Begin PBXFileReference section */
		E724C0A11EC581C200C44834 /* SqliteModelTool.h */ = {isa = PBXFileReference; fileEncoding = 4; lastKnownFileType = sourcecode.c.h; path = SqliteModelTool.h; sourceTree = "<group>"; };
		E724C0A21EC581C200C44834 /* SqliteModelTool.m */ = {isa = PBXFileReference; fileEncoding = 4; lastKnownFileType = sourcecode.c.objc; path = SqliteModelTool.m; sourceTree = "<group>"; };
		E724C0A41EC581CF00C44834 /* Student.h */ = {isa = PBXFileReference; fileEncoding = 4; lastKnownFileType = sourcecode.c.h; path = Student.h; sourceTree = "<group>"; };
		E724C0A51EC581CF00C44834 /* Student.m */ = {isa = PBXFileReference; fileEncoding = 4; lastKnownFileType = sourcecode.c.objc; path = Student.m; sourceTree = "<group>"; };
		E724C0A71EC5851F00C44834 /* ModelTool.h */ = {isa = PBXFileReference; fileEncoding = 4; lastKnownFileType = sourcecode.c.h; path = ModelTool.h; sourceTree = "<group>"; };
		E724C0A81EC5851F00C44834 /* ModelTool.m */ = {isa = PBXFileReference; fileEncoding = 4; lastKnownFileType = sourcecode.c.objc; path = ModelTool.m; sourceTree = "<group>"; };
		E724C0AA1EC5881B00C44834 /* ModelToolTest.m */ = {isa = PBXFileReference; fileEncoding = 4; lastKnownFileType = sourcecode.c.objc; path = ModelToolTest.m; sourceTree = "<group>"; };
		E724C0AE1EC5B55E00C44834 /* ModelProtocol.h */ = {isa = PBXFileReference; fileEncoding = 4; lastKnownFileType = sourcecode.c.h; path = ModelProtocol.h; sourceTree = "<group>"; };
		E751BEA01EC44DDC00A8C1E2 /* Splite封装.app */ = {isa = PBXFileReference; explicitFileType = wrapper.application; includeInIndex = 0; path = "Splite封装.app"; sourceTree = BUILT_PRODUCTS_DIR; };
		E751BEA41EC44DDC00A8C1E2 /* main.m */ = {isa = PBXFileReference; lastKnownFileType = sourcecode.c.objc; path = main.m; sourceTree = "<group>"; };
		E751BEA61EC44DDC00A8C1E2 /* AppDelegate.h */ = {isa = PBXFileReference; lastKnownFileType = sourcecode.c.h; path = AppDelegate.h; sourceTree = "<group>"; };
		E751BEA71EC44DDC00A8C1E2 /* AppDelegate.m */ = {isa = PBXFileReference; lastKnownFileType = sourcecode.c.objc; path = AppDelegate.m; sourceTree = "<group>"; };
		E751BEA91EC44DDC00A8C1E2 /* ViewController.h */ = {isa = PBXFileReference; lastKnownFileType = sourcecode.c.h; path = ViewController.h; sourceTree = "<group>"; };
		E751BEAA1EC44DDC00A8C1E2 /* ViewController.m */ = {isa = PBXFileReference; lastKnownFileType = sourcecode.c.objc; path = ViewController.m; sourceTree = "<group>"; };
		E751BEAD1EC44DDC00A8C1E2 /* Base */ = {isa = PBXFileReference; lastKnownFileType = file.storyboard; name = Base; path = Base.lproj/Main.storyboard; sourceTree = "<group>"; };
		E751BEAF1EC44DDC00A8C1E2 /* Assets.xcassets */ = {isa = PBXFileReference; lastKnownFileType = folder.assetcatalog; path = Assets.xcassets; sourceTree = "<group>"; };
		E751BEB21EC44DDC00A8C1E2 /* Base */ = {isa = PBXFileReference; lastKnownFileType = file.storyboard; name = Base; path = Base.lproj/LaunchScreen.storyboard; sourceTree = "<group>"; };
		E751BEB41EC44DDC00A8C1E2 /* Info.plist */ = {isa = PBXFileReference; lastKnownFileType = text.plist.xml; path = Info.plist; sourceTree = "<group>"; };
		E751BEBD1EC44F2400A8C1E2 /* libsqlite3.0.tbd */ = {isa = PBXFileReference; lastKnownFileType = "sourcecode.text-based-dylib-definition"; name = libsqlite3.0.tbd; path = usr/lib/libsqlite3.0.tbd; sourceTree = SDKROOT; };
		E751BEBF1EC44F4100A8C1E2 /* SqliteTool.h */ = {isa = PBXFileReference; fileEncoding = 4; lastKnownFileType = sourcecode.c.h; path = SqliteTool.h; sourceTree = "<group>"; };
		E751BEC01EC44F4100A8C1E2 /* SqliteTool.m */ = {isa = PBXFileReference; fileEncoding = 4; lastKnownFileType = sourcecode.c.objc; path = SqliteTool.m; sourceTree = "<group>"; };
		E753137F1EC5456F003E7D4C /* Splite封装Tests.xctest */ = {isa = PBXFileReference; explicitFileType = wrapper.cfbundle; includeInIndex = 0; path = "Splite封装Tests.xctest"; sourceTree = BUILT_PRODUCTS_DIR; };
		E75313811EC5456F003E7D4C /* Splite__Tests.m */ = {isa = PBXFileReference; lastKnownFileType = sourcecode.c.objc; path = Splite__Tests.m; sourceTree = "<group>"; };
		E75313831EC5456F003E7D4C /* Info.plist */ = {isa = PBXFileReference; lastKnownFileType = text.plist.xml; path = Info.plist; sourceTree = "<group>"; };
		E75313891EC545D0003E7D4C /* SqliteToolTest.m */ = {isa = PBXFileReference; fileEncoding = 4; lastKnownFileType = sourcecode.c.objc; path = SqliteToolTest.m; sourceTree = "<group>"; };
		E77D39321ED28F4600A3091A /* TableTool.h */ = {isa = PBXFileReference; fileEncoding = 4; lastKnownFileType = sourcecode.c.h; path = TableTool.h; sourceTree = "<group>"; };
		E77D39331ED28F4600A3091A /* TableTool.m */ = {isa = PBXFileReference; fileEncoding = 4; lastKnownFileType = sourcecode.c.objc; path = TableTool.m; sourceTree = "<group>"; };
		E77D39351ED2981400A3091A /* TableToolTest.m */ = {isa = PBXFileReference; fileEncoding = 4; lastKnownFileType = sourcecode.c.objc; path = TableToolTest.m; sourceTree = "<group>"; };
/* End PBXFileReference section */

/* Begin PBXFrameworksBuildPhase section */
		E751BE9D1EC44DDC00A8C1E2 /* Frameworks */ = {
			isa = PBXFrameworksBuildPhase;
			buildActionMask = 2147483647;
			files = (
				E751BEBE1EC44F2400A8C1E2 /* libsqlite3.0.tbd in Frameworks */,
			);
			runOnlyForDeploymentPostprocessing = 0;
		};
		E753137C1EC5456F003E7D4C /* Frameworks */ = {
			isa = PBXFrameworksBuildPhase;
			buildActionMask = 2147483647;
			files = (
			);
			runOnlyForDeploymentPostprocessing = 0;
		};
/* End PBXFrameworksBuildPhase section */

/* Begin PBXGroup section */
		E751BE971EC44DDC00A8C1E2 = {
			isa = PBXGroup;
			children = (
				E751BEA21EC44DDC00A8C1E2 /* Splite封装 */,
				E75313801EC5456F003E7D4C /* Splite封装Tests */,
				E751BEA11EC44DDC00A8C1E2 /* Products */,
				E751BEBC1EC44F2400A8C1E2 /* Frameworks */,
			);
			sourceTree = "<group>";
		};
		E751BEA11EC44DDC00A8C1E2 /* Products */ = {
			isa = PBXGroup;
			children = (
				E751BEA01EC44DDC00A8C1E2 /* Splite封装.app */,
				E753137F1EC5456F003E7D4C /* Splite封装Tests.xctest */,
			);
			name = Products;
			sourceTree = "<group>";
		};
		E751BEA21EC44DDC00A8C1E2 /* Splite封装 */ = {
			isa = PBXGroup;
			children = (
				E751BEBB1EC44F0C00A8C1E2 /* Classes */,
				E751BEA61EC44DDC00A8C1E2 /* AppDelegate.h */,
				E751BEA71EC44DDC00A8C1E2 /* AppDelegate.m */,
				E751BEA91EC44DDC00A8C1E2 /* ViewController.h */,
				E751BEAA1EC44DDC00A8C1E2 /* ViewController.m */,
				E724C0A41EC581CF00C44834 /* Student.h */,
				E724C0A51EC581CF00C44834 /* Student.m */,
				E751BEAC1EC44DDC00A8C1E2 /* Main.storyboard */,
				E751BEAF1EC44DDC00A8C1E2 /* Assets.xcassets */,
				E751BEB11EC44DDC00A8C1E2 /* LaunchScreen.storyboard */,
				E751BEB41EC44DDC00A8C1E2 /* Info.plist */,
				E751BEA31EC44DDC00A8C1E2 /* Supporting Files */,
			);
			path = "Splite封装";
			sourceTree = "<group>";
		};
		E751BEA31EC44DDC00A8C1E2 /* Supporting Files */ = {
			isa = PBXGroup;
			children = (
				E751BEA41EC44DDC00A8C1E2 /* main.m */,
			);
			name = "Supporting Files";
			sourceTree = "<group>";
		};
		E751BEBB1EC44F0C00A8C1E2 /* Classes */ = {
			isa = PBXGroup;
			children = (
				E751BEBF1EC44F4100A8C1E2 /* SqliteTool.h */,
				E751BEC01EC44F4100A8C1E2 /* SqliteTool.m */,
				E724C0A11EC581C200C44834 /* SqliteModelTool.h */,
				E724C0A21EC581C200C44834 /* SqliteModelTool.m */,
				E724C0A71EC5851F00C44834 /* ModelTool.h */,
				E724C0A81EC5851F00C44834 /* ModelTool.m */,
				E77D39321ED28F4600A3091A /* TableTool.h */,
				E77D39331ED28F4600A3091A /* TableTool.m */,
				E724C0AE1EC5B55E00C44834 /* ModelProtocol.h */,
			);
			path = Classes;
			sourceTree = "<group>";
		};
		E751BEBC1EC44F2400A8C1E2 /* Frameworks */ = {
			isa = PBXGroup;
			children = (
				E751BEBD1EC44F2400A8C1E2 /* libsqlite3.0.tbd */,
			);
			name = Frameworks;
			sourceTree = "<group>";
		};
		E75313801EC5456F003E7D4C /* Splite封装Tests */ = {
			isa = PBXGroup;
			children = (
				E75313811EC5456F003E7D4C /* Splite__Tests.m */,
				E75313891EC545D0003E7D4C /* SqliteToolTest.m */,
				E724C0AA1EC5881B00C44834 /* ModelToolTest.m */,
				E75313831EC5456F003E7D4C /* Info.plist */,
				E77D39351ED2981400A3091A /* TableToolTest.m */,
			);
			path = "Splite封装Tests";
			sourceTree = "<group>";
		};
/* End PBXGroup section */

/* Begin PBXNativeTarget section */
		E751BE9F1EC44DDC00A8C1E2 /* Splite封装 */ = {
			isa = PBXNativeTarget;
			buildConfigurationList = E751BEB71EC44DDC00A8C1E2 /* Build configuration list for PBXNativeTarget "Splite封装" */;
			buildPhases = (
				E751BE9C1EC44DDC00A8C1E2 /* Sources */,
				E751BE9D1EC44DDC00A8C1E2 /* Frameworks */,
				E751BE9E1EC44DDC00A8C1E2 /* Resources */,
			);
			buildRules = (
			);
			dependencies = (
			);
			name = "Splite封装";
			productName = "Splite封装";
			productReference = E751BEA01EC44DDC00A8C1E2 /* Splite封装.app */;
			productType = "com.apple.product-type.application";
		};
		E753137E1EC5456F003E7D4C /* Splite封装Tests */ = {
			isa = PBXNativeTarget;
			buildConfigurationList = E75313881EC5456F003E7D4C /* Build configuration list for PBXNativeTarget "Splite封装Tests" */;
			buildPhases = (
				E753137B1EC5456F003E7D4C /* Sources */,
				E753137C1EC5456F003E7D4C /* Frameworks */,
				E753137D1EC5456F003E7D4C /* Resources */,
			);
			buildRules = (
			);
			dependencies = (
				E75313851EC5456F003E7D4C /* PBXTargetDependency */,
			);
			name = "Splite封装Tests";
			productName = "Splite封装Tests";
			productReference = E753137F1EC5456F003E7D4C /* Splite封装Tests.xctest */;
			productType = "com.apple.product-type.bundle.unit-test";
		};
/* End PBXNativeTarget section */

/* Begin PBXProject section */
		E751BE981EC44DDC00A8C1E2 /* Project object */ = {
			isa = PBXProject;
			attributes = {
				LastUpgradeCheck = 0820;
				ORGANIZATIONNAME = xpchina2003;
				TargetAttributes = {
					E751BE9F1EC44DDC00A8C1E2 = {
						CreatedOnToolsVersion = 8.2.1;
						DevelopmentTeam = DL8J4DD62Z;
						ProvisioningStyle = Automatic;
					};
					E753137E1EC5456F003E7D4C = {
						CreatedOnToolsVersion = 8.2.1;
						DevelopmentTeam = DL8J4DD62Z;
						ProvisioningStyle = Automatic;
						TestTargetID = E751BE9F1EC44DDC00A8C1E2;
					};
				};
			};
			buildConfigurationList = E751BE9B1EC44DDC00A8C1E2 /* Build configuration list for PBXProject "Splite封装" */;
			compatibilityVersion = "Xcode 3.2";
			developmentRegion = English;
			hasScannedForEncodings = 0;
			knownRegions = (
				en,
				Base,
			);
			mainGroup = E751BE971EC44DDC00A8C1E2;
			productRefGroup = E751BEA11EC44DDC00A8C1E2 /* Products */;
			projectDirPath = "";
			projectRoot = "";
			targets = (
				E751BE9F1EC44DDC00A8C1E2 /* Splite封装 */,
				E753137E1EC5456F003E7D4C /* Splite封装Tests */,
			);
		};
/* End PBXProject section */

/* Begin PBXResourcesBuildPhase section */
		E751BE9E1EC44DDC00A8C1E2 /* Resources */ = {
			isa = PBXResourcesBuildPhase;
			buildActionMask = 2147483647;
			files = (
				E751BEB31EC44DDC00A8C1E2 /* LaunchScreen.storyboard in Resources */,
				E751BEB01EC44DDC00A8C1E2 /* Assets.xcassets in Resources */,
				E751BEAE1EC44DDC00A8C1E2 /* Main.storyboard in Resources */,
			);
			runOnlyForDeploymentPostprocessing = 0;
		};
		E753137D1EC5456F003E7D4C /* Resources */ = {
			isa = PBXResourcesBuildPhase;
			buildActionMask = 2147483647;
			files = (
			);
			runOnlyForDeploymentPostprocessing = 0;
		};
/* End PBXResourcesBuildPhase section */

/* Begin PBXSourcesBuildPhase section */
		E751BE9C1EC44DDC00A8C1E2 /* Sources */ = {
			isa = PBXSourcesBuildPhase;
			buildActionMask = 2147483647;
			files = (
				E724C0A91EC5851F00C44834 /* ModelTool.m in Sources */,
				E751BEAB1EC44DDC00A8C1E2 /* ViewController.m in Sources */,
				E751BEA81EC44DDC00A8C1E2 /* AppDelegate.m in Sources */,
				E751BEA51EC44DDC00A8C1E2 /* main.m in Sources */,
				E77D39341ED28F4600A3091A /* TableTool.m in Sources */,
				E751BEC11EC44F4100A8C1E2 /* SqliteTool.m in Sources */,
				E724C0A31EC581C200C44834 /* SqliteModelTool.m in Sources */,
				E724C0A61EC581CF00C44834 /* Student.m in Sources */,
			);
			runOnlyForDeploymentPostprocessing = 0;
		};
		E753137B1EC5456F003E7D4C /* Sources */ = {
			isa = PBXSourcesBuildPhase;
			buildActionMask = 2147483647;
			files = (
				E77D39361ED2981400A3091A /* TableToolTest.m in Sources */,
				E75313821EC5456F003E7D4C /* Splite__Tests.m in Sources */,
				E724C0AB1EC5881B00C44834 /* ModelToolTest.m in Sources */,
				E753138A1EC545D0003E7D4C /* SqliteToolTest.m in Sources */,
			);
			runOnlyForDeploymentPostprocessing = 0;
		};
/* End PBXSourcesBuildPhase section */

/* Begin PBXTargetDependency section */
		E75313851EC5456F003E7D4C /* PBXTargetDependency */ = {
			isa = PBXTargetDependency;
			target = E751BE9F1EC44DDC00A8C1E2 /* Splite封装 */;
			targetProxy = E75313841EC5456F003E7D4C /* PBXContainerItemProxy */;
		};
/* End PBXTargetDependency section */

/* Begin PBXVariantGroup section */
		E751BEAC1EC44DDC00A8C1E2 /* Main.storyboard */ = {
			isa = PBXVariantGroup;
			children = (
				E751BEAD1EC44DDC00A8C1E2 /* Base */,
			);
			name = Main.storyboard;
			sourceTree = "<group>";
		};
		E751BEB11EC44DDC00A8C1E2 /* LaunchScreen.storyboard */ = {
			isa = PBXVariantGroup;
			children = (
				E751BEB21EC44DDC00A8C1E2 /* Base */,
			);
			name = LaunchScreen.storyboard;
			sourceTree = "<group>";
		};
/* End PBXVariantGroup section */

/* Begin XCBuildConfiguration section */
		E751BEB51EC44DDC00A8C1E2 /* Debug */ = {
			isa = XCBuildConfiguration;
			buildSettings = {
				ALWAYS_SEARCH_USER_PATHS = NO;
				CLANG_ANALYZER_NONNULL = YES;
				CLANG_CXX_LANGUAGE_STANDARD = "gnu++0x";
				CLANG_CXX_LIBRARY = "libc++";
				CLANG_ENABLE_MODULES = YES;
				CLANG_ENABLE_OBJC_ARC = YES;
				CLANG_WARN_BOOL_CONVERSION = YES;
				CLANG_WARN_CONSTANT_CONVERSION = YES;
				CLANG_WARN_DIRECT_OBJC_ISA_USAGE = YES_ERROR;
				CLANG_WARN_DOCUMENTATION_COMMENTS = YES;
				CLANG_WARN_EMPTY_BODY = YES;
				CLANG_WARN_ENUM_CONVERSION = YES;
				CLANG_WARN_INFINITE_RECURSION = YES;
				CLANG_WARN_INT_CONVERSION = YES;
				CLANG_WARN_OBJC_ROOT_CLASS = YES_ERROR;
				CLANG_WARN_SUSPICIOUS_MOVE = YES;
				CLANG_WARN_UNREACHABLE_CODE = YES;
				CLANG_WARN__DUPLICATE_METHOD_MATCH = YES;
				"CODE_SIGN_IDENTITY[sdk=iphoneos*]" = "iPhone Developer";
				COPY_PHASE_STRIP = NO;
				DEBUG_INFORMATION_FORMAT = dwarf;
				ENABLE_STRICT_OBJC_MSGSEND = YES;
				ENABLE_TESTABILITY = YES;
				GCC_C_LANGUAGE_STANDARD = gnu99;
				GCC_DYNAMIC_NO_PIC = NO;
				GCC_NO_COMMON_BLOCKS = YES;
				GCC_OPTIMIZATION_LEVEL = 0;
				GCC_PREPROCESSOR_DEFINITIONS = (
					"DEBUG=1",
					"$(inherited)",
				);
				GCC_WARN_64_TO_32_BIT_CONVERSION = YES;
				GCC_WARN_ABOUT_RETURN_TYPE = YES_ERROR;
				GCC_WARN_UNDECLARED_SELECTOR = YES;
				GCC_WARN_UNINITIALIZED_AUTOS = YES_AGGRESSIVE;
				GCC_WARN_UNUSED_FUNCTION = YES;
				GCC_WARN_UNUSED_VARIABLE = YES;
				IPHONEOS_DEPLOYMENT_TARGET = 10.2;
				MTL_ENABLE_DEBUG_INFO = YES;
				ONLY_ACTIVE_ARCH = YES;
				SDKROOT = iphoneos;
				TARGETED_DEVICE_FAMILY = "1,2";
			};
			name = Debug;
		};
		E751BEB61EC44DDC00A8C1E2 /* Release */ = {
			isa = XCBuildConfiguration;
			buildSettings = {
				ALWAYS_SEARCH_USER_PATHS = NO;
				CLANG_ANALYZER_NONNULL = YES;
				CLANG_CXX_LANGUAGE_STANDARD = "gnu++0x";
				CLANG_CXX_LIBRARY = "libc++";
				CLANG_ENABLE_MODULES = YES;
				CLANG_ENABLE_OBJC_ARC = YES;
				CLANG_WARN_BOOL_CONVERSION = YES;
				CLANG_WARN_CONSTANT_CONVERSION = YES;
				CLANG_WARN_DIRECT_OBJC_ISA_USAGE = YES_ERROR;
				CLANG_WARN_DOCUMENTATION_COMMENTS = YES;
				CLANG_WARN_EMPTY_BODY = YES;
				CLANG_WARN_ENUM_CONVERSION = YES;
				CLANG_WARN_INFINITE_RECURSION = YES;
				CLANG_WARN_INT_CONVERSION = YES;
				CLANG_WARN_OBJC_ROOT_CLASS = YES_ERROR;
				CLANG_WARN_SUSPICIOUS_MOVE = YES;
				CLANG_WARN_UNREACHABLE_CODE = YES;
				CLANG_WARN__DUPLICATE_METHOD_MATCH = YES;
				"CODE_SIGN_IDENTITY[sdk=iphoneos*]" = "iPhone Developer";
				COPY_PHASE_STRIP = NO;
				DEBUG_INFORMATION_FORMAT = "dwarf-with-dsym";
				ENABLE_NS_ASSERTIONS = NO;
				ENABLE_STRICT_OBJC_MSGSEND = YES;
				GCC_C_LANGUAGE_STANDARD = gnu99;
				GCC_NO_COMMON_BLOCKS = YES;
				GCC_WARN_64_TO_32_BIT_CONVERSION = YES;
				GCC_WARN_ABOUT_RETURN_TYPE = YES_ERROR;
				GCC_WARN_UNDECLARED_SELECTOR = YES;
				GCC_WARN_UNINITIALIZED_AUTOS = YES_AGGRESSIVE;
				GCC_WARN_UNUSED_FUNCTION = YES;
				GCC_WARN_UNUSED_VARIABLE = YES;
				IPHONEOS_DEPLOYMENT_TARGET = 10.2;
				MTL_ENABLE_DEBUG_INFO = NO;
				SDKROOT = iphoneos;
				TARGETED_DEVICE_FAMILY = "1,2";
				VALIDATE_PRODUCT = YES;
			};
			name = Release;
		};
		E751BEB81EC44DDC00A8C1E2 /* Debug */ = {
			isa = XCBuildConfiguration;
			buildSettings = {
				ASSETCATALOG_COMPILER_APPICON_NAME = AppIcon;
				DEVELOPMENT_TEAM = DL8J4DD62Z;
				INFOPLIST_FILE = "Splite封装/Info.plist";
				LD_RUNPATH_SEARCH_PATHS = "$(inherited) @executable_path/Frameworks";
				PRODUCT_BUNDLE_IDENTIFIER = "Grain.Splite--";
				PRODUCT_NAME = "$(TARGET_NAME)";
			};
			name = Debug;
		};
		E751BEB91EC44DDC00A8C1E2 /* Release */ = {
			isa = XCBuildConfiguration;
			buildSettings = {
				ASSETCATALOG_COMPILER_APPICON_NAME = AppIcon;
				DEVELOPMENT_TEAM = DL8J4DD62Z;
				INFOPLIST_FILE = "Splite封装/Info.plist";
				LD_RUNPATH_SEARCH_PATHS = "$(inherited) @executable_path/Frameworks";
				PRODUCT_BUNDLE_IDENTIFIER = "Grain.Splite--";
				PRODUCT_NAME = "$(TARGET_NAME)";
			};
			name = Release;
		};
		E75313861EC5456F003E7D4C /* Debug */ = {
			isa = XCBuildConfiguration;
			buildSettings = {
				BUNDLE_LOADER = "$(TEST_HOST)";
				DEVELOPMENT_TEAM = DL8J4DD62Z;
				INFOPLIST_FILE = "Splite封装Tests/Info.plist";
				LD_RUNPATH_SEARCH_PATHS = "$(inherited) @executable_path/Frameworks @loader_path/Frameworks";
				PRODUCT_BUNDLE_IDENTIFIER = "Grain.Splite--Tests";
				PRODUCT_NAME = "$(TARGET_NAME)";
				TEST_HOST = "$(BUILT_PRODUCTS_DIR)/Splite封装.app/Splite封装";
			};
			name = Debug;
		};
		E75313871EC5456F003E7D4C /* Release */ = {
			isa = XCBuildConfiguration;
			buildSettings = {
				BUNDLE_LOADER = "$(TEST_HOST)";
				DEVELOPMENT_TEAM = DL8J4DD62Z;
				INFOPLIST_FILE = "Splite封装Tests/Info.plist";
				LD_RUNPATH_SEARCH_PATHS = "$(inherited) @executable_path/Frameworks @loader_path/Frameworks";
				PRODUCT_BUNDLE_IDENTIFIER = "Grain.Splite--Tests";
				PRODUCT_NAME = "$(TARGET_NAME)";
				TEST_HOST = "$(BUILT_PRODUCTS_DIR)/Splite封装.app/Splite封装";
			};
			name = Release;
		};
/* End XCBuildConfiguration section */

/* Begin XCConfigurationList section */
		E751BE9B1EC44DDC00A8C1E2 /* Build configuration list for PBXProject "Splite封装" */ = {
			isa = XCConfigurationList;
			buildConfigurations = (
				E751BEB51EC44DDC00A8C1E2 /* Debug */,
				E751BEB61EC44DDC00A8C1E2 /* Release */,
			);
			defaultConfigurationIsVisible = 0;
			defaultConfigurationName = Release;
		};
		E751BEB71EC44DDC00A8C1E2 /* Build configuration list for PBXNativeTarget "Splite封装" */ = {
			isa = XCConfigurationList;
			buildConfigurations = (
				E751BEB81EC44DDC00A8C1E2 /* Debug */,
				E751BEB91EC44DDC00A8C1E2 /* Release */,
			);
			defaultConfigurationIsVisible = 0;
			defaultConfigurationName = Release;
		};
		E75313881EC5456F003E7D4C /* Build configuration list for PBXNativeTarget "Splite封装Tests" */ = {
			isa = XCConfigurationList;
			buildConfigurations = (
				E75313861EC5456F003E7D4C /* Debug */,
				E75313871EC5456F003E7D4C /* Release */,
			);
			defaultConfigurationIsVisible = 0;
			defaultConfigurationName = Release;
		};
/* End XCConfigurationList section */
	};
	rootObject = E751BE981EC44DDC00A8C1E2 /* Project object */;
}
